
Microsoft Visual Studio Solution File, Format Version 12.00
# Visual Studio Version 16
VisualStudioVersion = 16.0.31729.503
MinimumVisualStudioVersion = 10.0.40219.1
Project("{888888A0-9F3D-457C-B088-3A5042F75D52}") = "PyPrjFirst", "PyPrjFirst.pyproj", "{34A08C05-F735-4307-9FF8-1EA1B2E7C837}"
EndProject
Global
	GlobalSection(SolutionConfigurationPlatforms) = preSolution
		Debug|Any CPU = Debug|Any CPU
		Release|Any CPU = Release|Any CPU
	EndGlobalSection
	GlobalSection(ProjectConfigurationPlatforms) = postSolution
		{34A08C05-F735-4307-9FF8-1EA1B2E7C837}.Debug|Any CPU.ActiveCfg = Debug|Any CPU
		{34A08C05-F735-4307-9FF8-1EA1B2E7C837}.Release|Any CPU.ActiveCfg = Release|Any CPU
	EndGlobalSection
	GlobalSection(SolutionProperties) = preSolution
		HideSolutionNode = FALSE
	EndGlobalSection
	GlobalSection(ExtensibilityGlobals) = postSolution
		SolutionGuid = {520B56AB-C45A-4362-92A4-00C94B902EF6}
	EndGlobalSection
EndGlobal
